
Microsoft Visual Studio Solution File, Format Version 12.00
# Visual Studio Version 16
VisualStudioVersion = 16.0.32228.343
MinimumVisualStudioVersion = 10.0.40219.1
Project("{FAE04EC0-301F-11D3-BF4B-00C04F79EFBC}") = "Answer Searcher", "Answer Searcher\Answer Searcher.csproj", "{0EF43EEA-C366-4494-870A-1C44D62B474B}"
EndProject
Global
	GlobalSection(SolutionConfigurationPlatforms) = preSolution
		Debug|Any CPU = Debug|Any CPU
		Release|Any CPU = Release|Any CPU
	EndGlobalSection
	GlobalSection(ProjectConfigurationPlatforms) = postSolution
		{0EF43EEA-C366-4494-870A-1C44D62B474B}.Debug|Any CPU.ActiveCfg = Debug|Any CPU
		{0EF43EEA-C366-4494-870A-1C44D62B474B}.Debug|Any CPU.Build.0 = Debug|Any CPU
		{0EF43EEA-C366-4494-870A-1C44D62B474B}.Release|Any CPU.ActiveCfg = Release|Any CPU
		{0EF43EEA-C366-4494-870A-1C44D62B474B}.Release|Any CPU.Build.0 = Release|Any CPU
	EndGlobalSection
	GlobalSection(SolutionProperties) = preSolution
		HideSolutionNode = FALSE
	EndGlobalSection
	GlobalSection(ExtensibilityGlobals) = postSolution
		SolutionGuid = {B2276909-40B9-4B78-AFA5-C2AF1049F12C}
	EndGlobalSection
EndGlobal
